
Microsoft Visual Studio Solution File, Format Version 12.00
# Visual Studio Version 16
VisualStudioVersion = 16.0.29609.76
MinimumVisualStudioVersion = 10.0.40219.1
Project("{FAE04EC0-301F-11D3-BF4B-00C04F79EFBC}") = "Aula72ModificadorParametros", "Aula72ModificadorParametros.csproj", "{DD4E7344-3DD0-49AA-A344-342E31CCA26D}"
EndProject
Global
	GlobalSection(SolutionConfigurationPlatforms) = preSolution
		Debug|Any CPU = Debug|Any CPU
		Release|Any CPU = Release|Any CPU
	EndGlobalSection
	GlobalSection(ProjectConfigurationPlatforms) = postSolution
		{DD4E7344-3DD0-49AA-A344-342E31CCA26D}.Debug|Any CPU.ActiveCfg = Debug|Any CPU
		{DD4E7344-3DD0-49AA-A344-342E31CCA26D}.Debug|Any CPU.Build.0 = Debug|Any CPU
		{DD4E7344-3DD0-49AA-A344-342E31CCA26D}.Release|Any CPU.ActiveCfg = Release|Any CPU
		{DD4E7344-3DD0-49AA-A344-342E31CCA26D}.Release|Any CPU.Build.0 = Release|Any CPU
	EndGlobalSection
	GlobalSection(SolutionProperties) = preSolution
		HideSolutionNode = FALSE
	EndGlobalSection
	GlobalSection(ExtensibilityGlobals) = postSolution
		SolutionGuid = {69EAA6DA-F799-4112-9AA2-E144CD6B348B}
	EndGlobalSection
EndGlobal
