
Microsoft Visual Studio Solution File, Format Version 12.00
# Visual Studio Version 16
VisualStudioVersion = 16.0.30907.101
MinimumVisualStudioVersion = 10.0.40219.1
Project("{FAE04EC0-301F-11D3-BF4B-00C04F79EFBC}") = "Aula210ComoColecoesHashComparamIgualdade", "Aula210ComoColecoesHashComparamIgualdade\Aula210ComoColecoesHashComparamIgualdade.csproj", "{153C3A9F-0EB0-4D8A-8040-923D4471C79F}"
EndProject
Global
	GlobalSection(SolutionConfigurationPlatforms) = preSolution
		Debug|Any CPU = Debug|Any CPU
		Release|Any CPU = Release|Any CPU
	EndGlobalSection
	GlobalSection(ProjectConfigurationPlatforms) = postSolution
		{153C3A9F-0EB0-4D8A-8040-923D4471C79F}.Debug|Any CPU.ActiveCfg = Debug|Any CPU
		{153C3A9F-0EB0-4D8A-8040-923D4471C79F}.Debug|Any CPU.Build.0 = Debug|Any CPU
		{153C3A9F-0EB0-4D8A-8040-923D4471C79F}.Release|Any CPU.ActiveCfg = Release|Any CPU
		{153C3A9F-0EB0-4D8A-8040-923D4471C79F}.Release|Any CPU.Build.0 = Release|Any CPU
	EndGlobalSection
	GlobalSection(SolutionProperties) = preSolution
		HideSolutionNode = FALSE
	EndGlobalSection
	GlobalSection(ExtensibilityGlobals) = postSolution
		SolutionGuid = {3E6E1086-0A1B-4051-AD6F-3E9048F9B249}
	EndGlobalSection
EndGlobal
