
Microsoft Visual Studio Solution File, Format Version 12.00
# Visual Studio Version 16
VisualStudioVersion = 16.0.29609.76
MinimumVisualStudioVersion = 10.0.40219.1
Project("{FAE04EC0-301F-11D3-BF4B-00C04F79EFBC}") = "Aula77Listas", "Aula77Listas.csproj", "{E73BF55C-934A-42B8-A893-D72018A17455}"
EndProject
Global
	GlobalSection(SolutionConfigurationPlatforms) = preSolution
		Debug|Any CPU = Debug|Any CPU
		Release|Any CPU = Release|Any CPU
	EndGlobalSection
	GlobalSection(ProjectConfigurationPlatforms) = postSolution
		{E73BF55C-934A-42B8-A893-D72018A17455}.Debug|Any CPU.ActiveCfg = Debug|Any CPU
		{E73BF55C-934A-42B8-A893-D72018A17455}.Debug|Any CPU.Build.0 = Debug|Any CPU
		{E73BF55C-934A-42B8-A893-D72018A17455}.Release|Any CPU.ActiveCfg = Release|Any CPU
		{E73BF55C-934A-42B8-A893-D72018A17455}.Release|Any CPU.Build.0 = Release|Any CPU
	EndGlobalSection
	GlobalSection(SolutionProperties) = preSolution
		HideSolutionNode = FALSE
	EndGlobalSection
	GlobalSection(ExtensibilityGlobals) = postSolution
		SolutionGuid = {932A46AD-0F68-4175-811F-BF3A3298B3E7}
	EndGlobalSection
EndGlobal
