
Microsoft Visual Studio Solution File, Format Version 12.00
# Visual Studio Version 16
VisualStudioVersion = 16.0.29609.76
MinimumVisualStudioVersion = 10.0.40219.1
Project("{FAE04EC0-301F-11D3-BF4B-00C04F79EFBC}") = "ConsoleApp1", "ConsoleApp1.csproj", "{306EA423-5C68-45F7-BBDF-E18D3D90082C}"
EndProject
Global
	GlobalSection(SolutionConfigurationPlatforms) = preSolution
		Debug|Any CPU = Debug|Any CPU
		Release|Any CPU = Release|Any CPU
	EndGlobalSection
	GlobalSection(ProjectConfigurationPlatforms) = postSolution
		{306EA423-5C68-45F7-BBDF-E18D3D90082C}.Debug|Any CPU.ActiveCfg = Debug|Any CPU
		{306EA423-5C68-45F7-BBDF-E18D3D90082C}.Debug|Any CPU.Build.0 = Debug|Any CPU
		{306EA423-5C68-45F7-BBDF-E18D3D90082C}.Release|Any CPU.ActiveCfg = Release|Any CPU
		{306EA423-5C68-45F7-BBDF-E18D3D90082C}.Release|Any CPU.Build.0 = Release|Any CPU
	EndGlobalSection
	GlobalSection(SolutionProperties) = preSolution
		HideSolutionNode = FALSE
	EndGlobalSection
	GlobalSection(ExtensibilityGlobals) = postSolution
		SolutionGuid = {0B50C7AB-F07D-43DA-AD9A-A7A9EF29FC25}
	EndGlobalSection
EndGlobal
