
Microsoft Visual Studio Solution File, Format Version 12.00
# Visual Studio Version 16
VisualStudioVersion = 16.0.30907.101
MinimumVisualStudioVersion = 10.0.40219.1
Project("{FAE04EC0-301F-11D3-BF4B-00C04F79EFBC}") = "Aula222MultcastDelegates", "Aula222MultcastDelegates\Aula222MultcastDelegates.csproj", "{91C218FC-AF6A-4E7B-8FCB-70BBD41ED572}"
EndProject
Global
	GlobalSection(SolutionConfigurationPlatforms) = preSolution
		Debug|Any CPU = Debug|Any CPU
		Release|Any CPU = Release|Any CPU
	EndGlobalSection
	GlobalSection(ProjectConfigurationPlatforms) = postSolution
		{91C218FC-AF6A-4E7B-8FCB-70BBD41ED572}.Debug|Any CPU.ActiveCfg = Debug|Any CPU
		{91C218FC-AF6A-4E7B-8FCB-70BBD41ED572}.Debug|Any CPU.Build.0 = Debug|Any CPU
		{91C218FC-AF6A-4E7B-8FCB-70BBD41ED572}.Release|Any CPU.ActiveCfg = Release|Any CPU
		{91C218FC-AF6A-4E7B-8FCB-70BBD41ED572}.Release|Any CPU.Build.0 = Release|Any CPU
	EndGlobalSection
	GlobalSection(SolutionProperties) = preSolution
		HideSolutionNode = FALSE
	EndGlobalSection
	GlobalSection(ExtensibilityGlobals) = postSolution
		SolutionGuid = {9DAF14BB-25FD-4992-B866-E1C6EB16A7CE}
	EndGlobalSection
EndGlobal
