
Microsoft Visual Studio Solution File, Format Version 12.00
# Visual Studio Version 16
VisualStudioVersion = 16.0.30907.101
MinimumVisualStudioVersion = 10.0.40219.1
Project("{FAE04EC0-301F-11D3-BF4B-00C04F79EFBC}") = "Aula225Func(exemploComSelect)", "Aula225Func(exemploComSelect)\Aula225Func(exemploComSelect).csproj", "{339A5817-2F97-41D9-8184-2496A92302E1}"
EndProject
Global
	GlobalSection(SolutionConfigurationPlatforms) = preSolution
		Debug|Any CPU = Debug|Any CPU
		Release|Any CPU = Release|Any CPU
	EndGlobalSection
	GlobalSection(ProjectConfigurationPlatforms) = postSolution
		{339A5817-2F97-41D9-8184-2496A92302E1}.Debug|Any CPU.ActiveCfg = Debug|Any CPU
		{339A5817-2F97-41D9-8184-2496A92302E1}.Debug|Any CPU.Build.0 = Debug|Any CPU
		{339A5817-2F97-41D9-8184-2496A92302E1}.Release|Any CPU.ActiveCfg = Release|Any CPU
		{339A5817-2F97-41D9-8184-2496A92302E1}.Release|Any CPU.Build.0 = Release|Any CPU
	EndGlobalSection
	GlobalSection(SolutionProperties) = preSolution
		HideSolutionNode = FALSE
	EndGlobalSection
	GlobalSection(ExtensibilityGlobals) = postSolution
		SolutionGuid = {E575F145-67AB-48AC-B1FD-D593A93FC72E}
	EndGlobalSection
EndGlobal
