
Microsoft Visual Studio Solution File, Format Version 12.00
# Visual Studio Version 16
VisualStudioVersion = 16.0.30907.101
MinimumVisualStudioVersion = 10.0.40219.1
Project("{FAE04EC0-301F-11D3-BF4B-00C04F79EFBC}") = "Aula213DictionaryESortedDictionary", "Aula213DictionaryESortedDictionary\Aula213DictionaryESortedDictionary.csproj", "{6674C54D-A482-4196-AADC-6D8BE0CCEC2B}"
EndProject
Global
	GlobalSection(SolutionConfigurationPlatforms) = preSolution
		Debug|Any CPU = Debug|Any CPU
		Release|Any CPU = Release|Any CPU
	EndGlobalSection
	GlobalSection(ProjectConfigurationPlatforms) = postSolution
		{6674C54D-A482-4196-AADC-6D8BE0CCEC2B}.Debug|Any CPU.ActiveCfg = Debug|Any CPU
		{6674C54D-A482-4196-AADC-6D8BE0CCEC2B}.Debug|Any CPU.Build.0 = Debug|Any CPU
		{6674C54D-A482-4196-AADC-6D8BE0CCEC2B}.Release|Any CPU.ActiveCfg = Release|Any CPU
		{6674C54D-A482-4196-AADC-6D8BE0CCEC2B}.Release|Any CPU.Build.0 = Release|Any CPU
	EndGlobalSection
	GlobalSection(SolutionProperties) = preSolution
		HideSolutionNode = FALSE
	EndGlobalSection
	GlobalSection(ExtensibilityGlobals) = postSolution
		SolutionGuid = {D27BFCAB-97F0-4FB7-87B4-AADC02D27EA5}
	EndGlobalSection
EndGlobal
