
Microsoft Visual Studio Solution File, Format Version 12.00
# Visual Studio Version 16
VisualStudioVersion = 16.0.29609.76
MinimumVisualStudioVersion = 10.0.40219.1
Project("{FAE04EC0-301F-11D3-BF4B-00C04F79EFBC}") = "Aula94DateTimeKindEPadraoISO8601", "Aula94DateTimeKindEPadraoISO8601.csproj", "{7FF7AD17-9CDE-4361-BB1D-72D7AC5C87CB}"
EndProject
Global
	GlobalSection(SolutionConfigurationPlatforms) = preSolution
		Debug|Any CPU = Debug|Any CPU
		Release|Any CPU = Release|Any CPU
	EndGlobalSection
	GlobalSection(ProjectConfigurationPlatforms) = postSolution
		{7FF7AD17-9CDE-4361-BB1D-72D7AC5C87CB}.Debug|Any CPU.ActiveCfg = Debug|Any CPU
		{7FF7AD17-9CDE-4361-BB1D-72D7AC5C87CB}.Debug|Any CPU.Build.0 = Debug|Any CPU
		{7FF7AD17-9CDE-4361-BB1D-72D7AC5C87CB}.Release|Any CPU.ActiveCfg = Release|Any CPU
		{7FF7AD17-9CDE-4361-BB1D-72D7AC5C87CB}.Release|Any CPU.Build.0 = Release|Any CPU
	EndGlobalSection
	GlobalSection(SolutionProperties) = preSolution
		HideSolutionNode = FALSE
	EndGlobalSection
	GlobalSection(ExtensibilityGlobals) = postSolution
		SolutionGuid = {31DB36EF-9684-4C8F-A751-B6D05F786A04}
	EndGlobalSection
EndGlobal
