
Microsoft Visual Studio Solution File, Format Version 12.00
# Visual Studio Version 16
VisualStudioVersion = 16.0.30907.101
MinimumVisualStudioVersion = 10.0.40219.1
Project("{FAE04EC0-301F-11D3-BF4B-00C04F79EFBC}") = "Aula226IntroducaoAoLINQ", "Aula226IntroducaoAoLINQ\Aula226IntroducaoAoLINQ.csproj", "{C8739545-D822-4B67-9670-5B6D872785C4}"
EndProject
Global
	GlobalSection(SolutionConfigurationPlatforms) = preSolution
		Debug|Any CPU = Debug|Any CPU
		Release|Any CPU = Release|Any CPU
	EndGlobalSection
	GlobalSection(ProjectConfigurationPlatforms) = postSolution
		{C8739545-D822-4B67-9670-5B6D872785C4}.Debug|Any CPU.ActiveCfg = Debug|Any CPU
		{C8739545-D822-4B67-9670-5B6D872785C4}.Debug|Any CPU.Build.0 = Debug|Any CPU
		{C8739545-D822-4B67-9670-5B6D872785C4}.Release|Any CPU.ActiveCfg = Release|Any CPU
		{C8739545-D822-4B67-9670-5B6D872785C4}.Release|Any CPU.Build.0 = Release|Any CPU
	EndGlobalSection
	GlobalSection(SolutionProperties) = preSolution
		HideSolutionNode = FALSE
	EndGlobalSection
	GlobalSection(ExtensibilityGlobals) = postSolution
		SolutionGuid = {A3AA90C3-8BCE-4A16-98AE-0BEDDFC2DA42}
	EndGlobalSection
EndGlobal
