
Microsoft Visual Studio Solution File, Format Version 12.00
# Visual Studio Version 16
VisualStudioVersion = 16.0.29609.76
MinimumVisualStudioVersion = 10.0.40219.1
Project("{FAE04EC0-301F-11D3-BF4B-00C04F79EFBC}") = "Aula130ExercicioResolvido(Polimorfismo)", "Aula130ExercicioResolvido(Polimorfismo).csproj", "{6C58F0AB-0BE5-45B1-B34A-A59D94DAB20B}"
EndProject
Global
	GlobalSection(SolutionConfigurationPlatforms) = preSolution
		Debug|Any CPU = Debug|Any CPU
		Release|Any CPU = Release|Any CPU
	EndGlobalSection
	GlobalSection(ProjectConfigurationPlatforms) = postSolution
		{6C58F0AB-0BE5-45B1-B34A-A59D94DAB20B}.Debug|Any CPU.ActiveCfg = Debug|Any CPU
		{6C58F0AB-0BE5-45B1-B34A-A59D94DAB20B}.Debug|Any CPU.Build.0 = Debug|Any CPU
		{6C58F0AB-0BE5-45B1-B34A-A59D94DAB20B}.Release|Any CPU.ActiveCfg = Release|Any CPU
		{6C58F0AB-0BE5-45B1-B34A-A59D94DAB20B}.Release|Any CPU.Build.0 = Release|Any CPU
	EndGlobalSection
	GlobalSection(SolutionProperties) = preSolution
		HideSolutionNode = FALSE
	EndGlobalSection
	GlobalSection(ExtensibilityGlobals) = postSolution
		SolutionGuid = {FBCBF088-575D-4CB4-B84C-06A1BACE365F}
	EndGlobalSection
EndGlobal
