
Microsoft Visual Studio Solution File, Format Version 12.00
# Visual Studio Version 16
VisualStudioVersion = 16.0.29609.76
MinimumVisualStudioVersion = 10.0.40219.1
Project("{FAE04EC0-301F-11D3-BF4B-00C04F79EFBC}") = "Aula118ExercicioResolvido", "Aula118ExercicioResolvido.csproj", "{FBF580FE-B1D4-4777-9D3B-83AC4FD239D1}"
EndProject
Global
	GlobalSection(SolutionConfigurationPlatforms) = preSolution
		Debug|Any CPU = Debug|Any CPU
		Release|Any CPU = Release|Any CPU
	EndGlobalSection
	GlobalSection(ProjectConfigurationPlatforms) = postSolution
		{FBF580FE-B1D4-4777-9D3B-83AC4FD239D1}.Debug|Any CPU.ActiveCfg = Debug|Any CPU
		{FBF580FE-B1D4-4777-9D3B-83AC4FD239D1}.Debug|Any CPU.Build.0 = Debug|Any CPU
		{FBF580FE-B1D4-4777-9D3B-83AC4FD239D1}.Release|Any CPU.ActiveCfg = Release|Any CPU
		{FBF580FE-B1D4-4777-9D3B-83AC4FD239D1}.Release|Any CPU.Build.0 = Release|Any CPU
	EndGlobalSection
	GlobalSection(SolutionProperties) = preSolution
		HideSolutionNode = FALSE
	EndGlobalSection
	GlobalSection(ExtensibilityGlobals) = postSolution
		SolutionGuid = {5FC95D17-F7D2-47F0-872D-D2B150C563B4}
	EndGlobalSection
EndGlobal
