
Microsoft Visual Studio Solution File, Format Version 12.00
# Visual Studio Version 16
VisualStudioVersion = 16.0.30907.101
MinimumVisualStudioVersion = 10.0.40219.1
Project("{FAE04EC0-301F-11D3-BF4B-00C04F79EFBC}") = "Aula207GetHashCodeEEquals", "Aula207GetHashCodeEEquals\Aula207GetHashCodeEEquals.csproj", "{D1D9A208-C42A-43BB-9E0F-C60D422F5F4F}"
EndProject
Global
	GlobalSection(SolutionConfigurationPlatforms) = preSolution
		Debug|Any CPU = Debug|Any CPU
		Release|Any CPU = Release|Any CPU
	EndGlobalSection
	GlobalSection(ProjectConfigurationPlatforms) = postSolution
		{D1D9A208-C42A-43BB-9E0F-C60D422F5F4F}.Debug|Any CPU.ActiveCfg = Debug|Any CPU
		{D1D9A208-C42A-43BB-9E0F-C60D422F5F4F}.Debug|Any CPU.Build.0 = Debug|Any CPU
		{D1D9A208-C42A-43BB-9E0F-C60D422F5F4F}.Release|Any CPU.ActiveCfg = Release|Any CPU
		{D1D9A208-C42A-43BB-9E0F-C60D422F5F4F}.Release|Any CPU.Build.0 = Release|Any CPU
	EndGlobalSection
	GlobalSection(SolutionProperties) = preSolution
		HideSolutionNode = FALSE
	EndGlobalSection
	GlobalSection(ExtensibilityGlobals) = postSolution
		SolutionGuid = {2D9B3C2E-678D-465E-9906-11BB5096CF91}
	EndGlobalSection
EndGlobal
