
Microsoft Visual Studio Solution File, Format Version 12.00
# Visual Studio Version 16
VisualStudioVersion = 16.0.29609.76
MinimumVisualStudioVersion = 10.0.40219.1
Project("{FAE04EC0-301F-11D3-BF4B-00C04F79EFBC}") = "Aula91TimeSpan", "Aula91TimeSpan.csproj", "{2311C5B1-05DB-465E-9445-EA5FD819FEB7}"
EndProject
Global
	GlobalSection(SolutionConfigurationPlatforms) = preSolution
		Debug|Any CPU = Debug|Any CPU
		Release|Any CPU = Release|Any CPU
	EndGlobalSection
	GlobalSection(ProjectConfigurationPlatforms) = postSolution
		{2311C5B1-05DB-465E-9445-EA5FD819FEB7}.Debug|Any CPU.ActiveCfg = Debug|Any CPU
		{2311C5B1-05DB-465E-9445-EA5FD819FEB7}.Debug|Any CPU.Build.0 = Debug|Any CPU
		{2311C5B1-05DB-465E-9445-EA5FD819FEB7}.Release|Any CPU.ActiveCfg = Release|Any CPU
		{2311C5B1-05DB-465E-9445-EA5FD819FEB7}.Release|Any CPU.Build.0 = Release|Any CPU
	EndGlobalSection
	GlobalSection(SolutionProperties) = preSolution
		HideSolutionNode = FALSE
	EndGlobalSection
	GlobalSection(ExtensibilityGlobals) = postSolution
		SolutionGuid = {F896EFB7-3BF1-463F-9E46-6E06E70A772E}
	EndGlobalSection
EndGlobal
