
Microsoft Visual Studio Solution File, Format Version 12.00
# Visual Studio Version 16
VisualStudioVersion = 16.0.30907.101
MinimumVisualStudioVersion = 10.0.40219.1
Project("{FAE04EC0-301F-11D3-BF4B-00C04F79EFBC}") = "Aula208-209Conjuntos_HashSet_e_SortedSet", "Aula208-209Conjuntos_HashSet_e_SortedSet\Aula208-209Conjuntos_HashSet_e_SortedSet.csproj", "{D03C83B4-D54B-4184-B4AE-C8D4ECD93BED}"
EndProject
Global
	GlobalSection(SolutionConfigurationPlatforms) = preSolution
		Debug|Any CPU = Debug|Any CPU
		Release|Any CPU = Release|Any CPU
	EndGlobalSection
	GlobalSection(ProjectConfigurationPlatforms) = postSolution
		{D03C83B4-D54B-4184-B4AE-C8D4ECD93BED}.Debug|Any CPU.ActiveCfg = Debug|Any CPU
		{D03C83B4-D54B-4184-B4AE-C8D4ECD93BED}.Debug|Any CPU.Build.0 = Debug|Any CPU
		{D03C83B4-D54B-4184-B4AE-C8D4ECD93BED}.Release|Any CPU.ActiveCfg = Release|Any CPU
		{D03C83B4-D54B-4184-B4AE-C8D4ECD93BED}.Release|Any CPU.Build.0 = Release|Any CPU
	EndGlobalSection
	GlobalSection(SolutionProperties) = preSolution
		HideSolutionNode = FALSE
	EndGlobalSection
	GlobalSection(ExtensibilityGlobals) = postSolution
		SolutionGuid = {48BEB1EF-B152-48FA-935F-07C8ABD95231}
	EndGlobalSection
EndGlobal
