
Microsoft Visual Studio Solution File, Format Version 12.00
# Visual Studio Version 16
VisualStudioVersion = 16.0.29609.76
MinimumVisualStudioVersion = 10.0.40219.1
Project("{FAE04EC0-301F-11D3-BF4B-00C04F79EFBC}") = "Aula79Matriz", "Aula79Matriz.csproj", "{5106A560-AE09-4F87-9FF7-7816222C17B6}"
EndProject
Global
	GlobalSection(SolutionConfigurationPlatforms) = preSolution
		Debug|Any CPU = Debug|Any CPU
		Release|Any CPU = Release|Any CPU
	EndGlobalSection
	GlobalSection(ProjectConfigurationPlatforms) = postSolution
		{5106A560-AE09-4F87-9FF7-7816222C17B6}.Debug|Any CPU.ActiveCfg = Debug|Any CPU
		{5106A560-AE09-4F87-9FF7-7816222C17B6}.Debug|Any CPU.Build.0 = Debug|Any CPU
		{5106A560-AE09-4F87-9FF7-7816222C17B6}.Release|Any CPU.ActiveCfg = Release|Any CPU
		{5106A560-AE09-4F87-9FF7-7816222C17B6}.Release|Any CPU.Build.0 = Release|Any CPU
	EndGlobalSection
	GlobalSection(SolutionProperties) = preSolution
		HideSolutionNode = FALSE
	EndGlobalSection
	GlobalSection(ExtensibilityGlobals) = postSolution
		SolutionGuid = {D13EA015-A451-4E06-9EBB-DD3038CA71D6}
	EndGlobalSection
EndGlobal
