
Microsoft Visual Studio Solution File, Format Version 12.00
# Visual Studio Version 16
VisualStudioVersion = 16.0.30907.101
MinimumVisualStudioVersion = 10.0.40219.1
Project("{FAE04EC0-301F-11D3-BF4B-00C04F79EFBC}") = "Aula223Predicate(exemploComRemoveAll)", "Aula223Predicate(exemploComRemoveAll)\Aula223Predicate(exemploComRemoveAll).csproj", "{8D3CE486-BED3-4732-835F-0952D8744474}"
EndProject
Global
	GlobalSection(SolutionConfigurationPlatforms) = preSolution
		Debug|Any CPU = Debug|Any CPU
		Release|Any CPU = Release|Any CPU
	EndGlobalSection
	GlobalSection(ProjectConfigurationPlatforms) = postSolution
		{8D3CE486-BED3-4732-835F-0952D8744474}.Debug|Any CPU.ActiveCfg = Debug|Any CPU
		{8D3CE486-BED3-4732-835F-0952D8744474}.Debug|Any CPU.Build.0 = Debug|Any CPU
		{8D3CE486-BED3-4732-835F-0952D8744474}.Release|Any CPU.ActiveCfg = Release|Any CPU
		{8D3CE486-BED3-4732-835F-0952D8744474}.Release|Any CPU.Build.0 = Release|Any CPU
	EndGlobalSection
	GlobalSection(SolutionProperties) = preSolution
		HideSolutionNode = FALSE
	EndGlobalSection
	GlobalSection(ExtensibilityGlobals) = postSolution
		SolutionGuid = {8914FF8D-C07A-46C6-9CFE-DB9FF63E9B93}
	EndGlobalSection
EndGlobal
